// !$*UTF8*$!
{
	archiveVersion = 1;
	classes = {
	};
	objectVersion = 46;
	objects = {

/* Begin PBXBuildFile section */
		AD03D4F81713521A000BE5D0 /* UIKit.framework in Frameworks */ = {isa = PBXBuildFile; fileRef = AD03D4F71713521A000BE5D0 /* UIKit.framework */; };
		AD03D4FA1713521A000BE5D0 /* Foundation.framework in Frameworks */ = {isa = PBXBuildFile; fileRef = AD03D4F91713521A000BE5D0 /* Foundation.framework */; };
		AD03D4FC1713521A000BE5D0 /* CoreGraphics.framework in Frameworks */ = {isa = PBXBuildFile; fileRef = AD03D4FB1713521A000BE5D0 /* CoreGraphics.framework */; };
		AD03D5021713521A000BE5D0 /* InfoPlist.strings in Resources */ = {isa = PBXBuildFile; fileRef = AD03D5001713521A000BE5D0 /* InfoPlist.strings */; };
		AD03D5041713521A000BE5D0 /* main.m in Sources */ = {isa = PBXBuildFile; fileRef = AD03D5031713521A000BE5D0 /* main.m */; };
		AD03D5081713521A000BE5D0 /* AppDelegate.m in Sources */ = {isa = PBXBuildFile; fileRef = AD03D5071713521A000BE5D0 /* AppDelegate.m */; };
		AD03D50A1713521A000BE5D0 /* Default.png in Resources */ = {isa = PBXBuildFile; fileRef = AD03D5091713521A000BE5D0 /* Default.png */; };
		AD03D50C1713521A000BE5D0 /* Default@2x.png in Resources */ = {isa = PBXBuildFile; fileRef = AD03D50B1713521A000BE5D0 /* Default@2x.png */; };
		AD03D50E1713521A000BE5D0 /* Default-568h@2x.png in Resources */ = {isa = PBXBuildFile; fileRef = AD03D50D1713521A000BE5D0 /* Default-568h@2x.png */; };
		AD03D5111713521A000BE5D0 /* ViewController.m in Sources */ = {isa = PBXBuildFile; fileRef = AD03D5101713521A000BE5D0 /* ViewController.m */; };
		AD03D5141713521A000BE5D0 /* ViewController.xib in Resources */ = {isa = PBXBuildFile; fileRef = AD03D5121713521A000BE5D0 /* ViewController.xib */; };
		AD03D51B1713527B000BE5D0 /* QuartzCore.framework in Frameworks */ = {isa = PBXBuildFile; fileRef = AD03D51A1713527B000BE5D0 /* QuartzCore.framework */; };
/* End PBXBuildFile section */

/* Begin PBXFileReference section */
		AD03D4F41713521A000BE5D0 /* Animation.app */ = {isa = PBXFileReference; explicitFileType = wrapper.application; includeInIndex = 0; path = Animation.app; sourceTree = BUILT_PRODUCTS_DIR; };
		AD03D4F71713521A000BE5D0 /* UIKit.framework */ = {isa = PBXFileReference; lastKnownFileType = wrapper.framework; name = UIKit.framework; path = System/Library/Frameworks/UIKit.framework; sourceTree = SDKROOT; };
		AD03D4F91713521A000BE5D0 /* Foundation.framework */ = {isa = PBXFileReference; lastKnownFileType = wrapper.framework; name = Foundation.framework; path = System/Library/Frameworks/Foundation.framework; sourceTree = SDKROOT; };
		AD03D4FB1713521A000BE5D0 /* CoreGraphics.framework */ = {isa = PBXFileReference; lastKnownFileType = wrapper.framework; name = CoreGraphics.framework; path = System/Library/Frameworks/CoreGraphics.framework; sourceTree = SDKROOT; };
		AD03D4FF1713521A000BE5D0 /* Animation-Info.plist */ = {isa = PBXFileReference; lastKnownFileType = text.plist.xml; path = "Animation-Info.plist"; sourceTree = "<group>"; };
		AD03D5011713521A000BE5D0 /* en */ = {isa = PBXFileReference; lastKnownFileType = text.plist.strings; name = en; path = en.lproj/InfoPlist.strings; sourceTree = "<group>"; };
		AD03D5031713521A000BE5D0 /* main.m */ = {isa = PBXFileReference; lastKnownFileType = sourcecode.c.objc; path = main.m; sourceTree = "<group>"; };
		AD03D5051713521A000BE5D0 /* Animation-Prefix.pch */ = {isa = PBXFileReference; lastKnownFileType = sourcecode.c.h; path = "Animation-Prefix.pch"; sourceTree = "<group>"; };
		AD03D5061713521A000BE5D0 /* AppDelegate.h */ = {isa = PBXFileReference; lastKnownFileType = sourcecode.c.h; path = AppDelegate.h; sourceTree = "<group>"; };
		AD03D5071713521A000BE5D0 /* AppDelegate.m */ = {isa = PBXFileReference; lastKnownFileType = sourcecode.c.objc; path = AppDelegate.m; sourceTree = "<group>"; };
		AD03D5091713521A000BE5D0 /* Default.png */ = {isa = PBXFileReference; lastKnownFileType = image.png; path = Default.png; sourceTree = "<group>"; };
		AD03D50B1713521A000BE5D0 /* Default@2x.png */ = {isa = PBXFileReference; lastKnownFileType = image.png; path = "Default@2x.png"; sourceTree = "<group>"; };
		AD03D50D1713521A000BE5D0 /* Default-568h@2x.png */ = {isa = PBXFileReference; lastKnownFileType = image.png; path = "Default-568h@2x.png"; sourceTree = "<group>"; };
		AD03D50F1713521A000BE5D0 /* ViewController.h */ = {isa = PBXFileReference; lastKnownFileType = sourcecode.c.h; path = ViewController.h; sourceTree = "<group>"; };
		AD03D5101713521A000BE5D0 /* ViewController.m */ = {isa = PBXFileReference; lastKnownFileType = sourcecode.c.objc; path = ViewController.m; sourceTree = "<group>"; };
		AD03D5131713521A000BE5D0 /* en */ = {isa = PBXFileReference; lastKnownFileType = file.xib; name = en; path = en.lproj/ViewController.xib; sourceTree = "<group>"; };
		AD03D51A1713527B000BE5D0 /* QuartzCore.framework */ = {isa = PBXFileReference; lastKnownFileType = wrapper.framework; name = QuartzCore.framework; path = System/Library/Frameworks/QuartzCore.framework; sourceTree = SDKROOT; };
/* End PBXFileReference section */

/* Begin PBXFrameworksBuildPhase section */
		AD03D4F11713521A000BE5D0 /* Frameworks */ = {
			isa = PBXFrameworksBuildPhase;
			buildActionMask = 2147483647;
			files = (
				AD03D51B1713527B000BE5D0 /* QuartzCore.framework in Frameworks */,
				AD03D4F81713521A000BE5D0 /* UIKit.framework in Frameworks */,
				AD03D4FA1713521A000BE5D0 /* Foundation.framework in Frameworks */,
				AD03D4FC1713521A000BE5D0 /* CoreGraphics.framework in Frameworks */,
			);
			runOnlyForDeploymentPostprocessing = 0;
		};
/* End PBXFrameworksBuildPhase section */

/* Begin PBXGroup section */
		AD03D4EB1713521A000BE5D0 = {
			isa = PBXGroup;
			children = (
				AD03D51A1713527B000BE5D0 /* QuartzCore.framework */,
				AD03D4FD1713521A000BE5D0 /* Animation */,
				AD03D4F61713521A000BE5D0 /* Frameworks */,
				AD03D4F51713521A000BE5D0 /* Products */,
			);
			sourceTree = "<group>";
		};
		AD03D4F51713521A000BE5D0 /* Products */ = {
			isa = PBXGroup;
			children = (
				AD03D4F41713521A000BE5D0 /* Animation.app */,
			);
			name = Products;
			sourceTree = "<group>";
		};
		AD03D4F61713521A000BE5D0 /* Frameworks */ = {
			isa = PBXGroup;
			children = (
				AD03D4F71713521A000BE5D0 /* UIKit.framework */,
				AD03D4F91713521A000BE5D0 /* Foundation.framework */,
				AD03D4FB1713521A000BE5D0 /* CoreGraphics.framework */,
			);
			name = Frameworks;
			sourceTree = "<group>";
		};
		AD03D4FD1713521A000BE5D0 /* Animation */ = {
			isa = PBXGroup;
			children = (
				AD03D5061713521A000BE5D0 /* AppDelegate.h */,
				AD03D5071713521A000BE5D0 /* AppDelegate.m */,
				AD03D50F1713521A000BE5D0 /* ViewController.h */,
				AD03D5101713521A000BE5D0 /* ViewController.m */,
				AD03D5121713521A000BE5D0 /* ViewController.xib */,
				AD03D4FE1713521A000BE5D0 /* Supporting Files */,
			);
			path = Animation;
			sourceTree = "<group>";
		};
		AD03D4FE1713521A000BE5D0 /* Supporting Files */ = {
			isa = PBXGroup;
			children = (
				AD03D4FF1713521A000BE5D0 /* Animation-Info.plist */,
				AD03D5001713521A000BE5D0 /* InfoPlist.strings */,
				AD03D5031713521A000BE5D0 /* main.m */,
				AD03D5051713521A000BE5D0 /* Animation-Prefix.pch */,
				AD03D5091713521A000BE5D0 /* Default.png */,
				AD03D50B1713521A000BE5D0 /* Default@2x.png */,
				AD03D50D1713521A000BE5D0 /* Default-568h@2x.png */,
			);
			name = "Supporting Files";
			sourceTree = "<group>";
		};
/* End PBXGroup section */

/* Begin PBXNativeTarget section */
		AD03D4F31713521A000BE5D0 /* Animation */ = {
			isa = PBXNativeTarget;
			buildConfigurationList = AD03D5171713521A000BE5D0 /* Build configuration list for PBXNativeTarget "Animation" */;
			buildPhases = (
				AD03D4F01713521A000BE5D0 /* Sources */,
				AD03D4F11713521A000BE5D0 /* Frameworks */,
				AD03D4F21713521A000BE5D0 /* Resources */,
			);
			buildRules = (
			);
			dependencies = (
			);
			name = Animation;
			productName = Animation;
			productReference = AD03D4F41713521A000BE5D0 /* Animation.app */;
			productType = "com.apple.product-type.application";
		};
/* End PBXNativeTarget section */

/* Begin PBXProject section */
		AD03D4EC1713521A000BE5D0 /* Project object */ = {
			isa = PBXProject;
			attributes = {
				LastUpgradeCheck = 0460;
				ORGANIZATIONNAME = "Peter Bødskov";
			};
			buildConfigurationList = AD03D4EF1713521A000BE5D0 /* Build configuration list for PBXProject "Animation" */;
			compatibilityVersion = "Xcode 3.2";
			developmentRegion = English;
			hasScannedForEncodings = 0;
			knownRegions = (
				en,
			);
			mainGroup = AD03D4EB1713521A000BE5D0;
			productRefGroup = AD03D4F51713521A000BE5D0 /* Products */;
			projectDirPath = "";
			projectRoot = "";
			targets = (
				AD03D4F31713521A000BE5D0 /* Animation */,
			);
		};
/* End PBXProject section */

/* Begin PBXResourcesBuildPhase section */
		AD03D4F21713521A000BE5D0 /* Resources */ = {
			isa = PBXResourcesBuildPhase;
			buildActionMask = 2147483647;
			files = (
				AD03D5021713521A000BE5D0 /* InfoPlist.strings in Resources */,
				AD03D50A1713521A000BE5D0 /* Default.png in Resources */,
				AD03D50C1713521A000BE5D0 /* Default@2x.png in Resources */,
				AD03D50E1713521A000BE5D0 /* Default-568h@2x.png in Resources */,
				AD03D5141713521A000BE5D0 /* ViewController.xib in Resources */,
			);
			runOnlyForDeploymentPostprocessing = 0;
		};
/* End PBXResourcesBuildPhase section */

/* Begin PBXSourcesBuildPhase section */
		AD03D4F01713521A000BE5D0 /* Sources */ = {
			isa = PBXSourcesBuildPhase;
			buildActionMask = 2147483647;
			files = (
				AD03D5041713521A000BE5D0 /* main.m in Sources */,
				AD03D5081713521A000BE5D0 /* AppDelegate.m in Sources */,
				AD03D5111713521A000BE5D0 /* ViewController.m in Sources */,
			);
			runOnlyForDeploymentPostprocessing = 0;
		};
/* End PBXSourcesBuildPhase section */

/* Begin PBXVariantGroup section */
		AD03D5001713521A000BE5D0 /* InfoPlist.strings */ = {
			isa = PBXVariantGroup;
			children = (
				AD03D5011713521A000BE5D0 /* en */,
			);
			name = InfoPlist.strings;
			sourceTree = "<group>";
		};
		AD03D5121713521A000BE5D0 /* ViewController.xib */ = {
			isa = PBXVariantGroup;
			children = (
				AD03D5131713521A000BE5D0 /* en */,
			);
			name = ViewController.xib;
			sourceTree = "<group>";
		};
/* End PBXVariantGroup section */

/* Begin XCBuildConfiguration section */
		AD03D5151713521A000BE5D0 /* Debug */ = {
			isa = XCBuildConfiguration;
			buildSettings = {
				ALWAYS_SEARCH_USER_PATHS = NO;
				CLANG_CXX_LANGUAGE_STANDARD = "gnu++0x";
				CLANG_CXX_LIBRARY = "libc++";
				CLANG_ENABLE_OBJC_ARC = YES;
				CLANG_WARN_CONSTANT_CONVERSION = YES;
				CLANG_WARN_EMPTY_BODY = YES;
				CLANG_WARN_ENUM_CONVERSION = YES;
				CLANG_WARN_INT_CONVERSION = YES;
				CLANG_WARN__DUPLICATE_METHOD_MATCH = YES;
				"CODE_SIGN_IDENTITY[sdk=iphoneos*]" = "iPhone Developer";
				COPY_PHASE_STRIP = NO;
				GCC_C_LANGUAGE_STANDARD = gnu99;
				GCC_DYNAMIC_NO_PIC = NO;
				GCC_OPTIMIZATION_LEVEL = 0;
				GCC_PREPROCESSOR_DEFINITIONS = (
					"DEBUG=1",
					"$(inherited)",
				);
				GCC_SYMBOLS_PRIVATE_EXTERN = NO;
				GCC_WARN_ABOUT_RETURN_TYPE = YES;
				GCC_WARN_UNINITIALIZED_AUTOS = YES;
				GCC_WARN_UNUSED_VARIABLE = YES;
				IPHONEOS_DEPLOYMENT_TARGET = 6.1;
				ONLY_ACTIVE_ARCH = YES;
				SDKROOT = iphoneos;
			};
			name = Debug;
		};
		AD03D5161713521A000BE5D0 /* Release */ = {
			isa = XCBuildConfiguration;
			buildSettings = {
				ALWAYS_SEARCH_USER_PATHS = NO;
				CLANG_CXX_LANGUAGE_STANDARD = "gnu++0x";
				CLANG_CXX_LIBRARY = "libc++";
				CLANG_ENABLE_OBJC_ARC = YES;
				CLANG_WARN_CONSTANT_CONVERSION = YES;
				CLANG_WARN_EMPTY_BODY = YES;
				CLANG_WARN_ENUM_CONVERSION = YES;
				CLANG_WARN_INT_CONVERSION = YES;
				CLANG_WARN__DUPLICATE_METHOD_MATCH = YES;
				"CODE_SIGN_IDENTITY[sdk=iphoneos*]" = "iPhone Developer";
				COPY_PHASE_STRIP = YES;
				GCC_C_LANGUAGE_STANDARD = gnu99;
				GCC_WARN_ABOUT_RETURN_TYPE = YES;
				GCC_WARN_UNINITIALIZED_AUTOS = YES;
				GCC_WARN_UNUSED_VARIABLE = YES;
				IPHONEOS_DEPLOYMENT_TARGET = 6.1;
				OTHER_CFLAGS = "-DNS_BLOCK_ASSERTIONS=1";
				SDKROOT = iphoneos;
				VALIDATE_PRODUCT = YES;
			};
			name = Release;
		};
		AD03D5181713521A000BE5D0 /* Debug */ = {
			isa = XCBuildConfiguration;
			buildSettings = {
				GCC_PRECOMPILE_PREFIX_HEADER = YES;
				GCC_PREFIX_HEADER = "Animation/Animation-Prefix.pch";
				INFOPLIST_FILE = "Animation/Animation-Info.plist";
				PRODUCT_NAME = "$(TARGET_NAME)";
				WRAPPER_EXTENSION = app;
			};
			name = Debug;
		};
		AD03D5191713521A000BE5D0 /* Release */ = {
			isa = XCBuildConfiguration;
			buildSettings = {
				GCC_PRECOMPILE_PREFIX_HEADER = YES;
				GCC_PREFIX_HEADER = "Animation/Animation-Prefix.pch";
				INFOPLIST_FILE = "Animation/Animation-Info.plist";
				PRODUCT_NAME = "$(TARGET_NAME)";
				WRAPPER_EXTENSION = app;
			};
			name = Release;
		};
/* End XCBuildConfiguration section */

/* Begin XCConfigurationList section */
		AD03D4EF1713521A000BE5D0 /* Build configuration list for PBXProject "Animation" */ = {
			isa = XCConfigurationList;
			buildConfigurations = (
				AD03D5151713521A000BE5D0 /* Debug */,
				AD03D5161713521A000BE5D0 /* Release */,
			);
			defaultConfigurationIsVisible = 0;
			defaultConfigurationName = Release;
		};
		AD03D5171713521A000BE5D0 /* Build configuration list for PBXNativeTarget "Animation" */ = {
			isa = XCConfigurationList;
			buildConfigurations = (
				AD03D5181713521A000BE5D0 /* Debug */,
				AD03D5191713521A000BE5D0 /* Release */,
			);
			defaultConfigurationIsVisible = 0;
		};
/* End XCConfigurationList section */
	};
	rootObject = AD03D4EC1713521A000BE5D0 /* Project object */;
}
